
Microsoft Visual Studio Solution File, Format Version 12.00
# Visual Studio Version 16
VisualStudioVersion = 16.0.29123.88
MinimumVisualStudioVersion = 10.0.40219.1
Project("{9A19103F-16F7-4668-BE54-9A1E7A4F7556}") = "urlql.demo.asp.core", "urlql.demo.asp.core\urlql.demo.asp.core.csproj", "{9812A7FB-2690-47C9-A556-70180400A5D4}"
EndProject
Project("{9A19103F-16F7-4668-BE54-9A1E7A4F7556}") = "urlql", "urlql\urlql.csproj", "{D8937B77-AC18-4EDD-A8FA-13D923CC4D87}"
EndProject
Project("{2150E333-8FDC-42A3-9474-1A3956D46DE8}") = "References", "References", "{C48B1EF6-FAEA-4111-88F3-4E05417F9367}"
EndProject
Project("{9A19103F-16F7-4668-BE54-9A1E7A4F7556}") = "urlql.asp.core", "urlql.asp.core\urlql.asp.core.csproj", "{2ED703D5-F088-4133-A309-BDD2D01A3DF3}"
EndProject
Project("{9A19103F-16F7-4668-BE54-9A1E7A4F7556}") = "urlql.mergepatch", "urlql.mergepatch\urlql.mergepatch.csproj", "{4F71F76D-B052-49AB-9D22-D545B541FAD8}"
EndProject
Project("{9A19103F-16F7-4668-BE54-9A1E7A4F7556}") = "urlql.mergepatch.core", "urlql.mergepatch.core\urlql.mergepatch.core.csproj", "{C1716AB4-73C5-468F-8D51-894430B0D2C9}"
EndProject
Project("{2150E333-8FDC-42A3-9474-1A3956D46DE8}") = "Solution Items", "Solution Items", "{EB10E5D3-5E68-4ED1-8FF6-1CA359B556FB}"
	ProjectSection(SolutionItems) = preProject
		..\..\LICENSE = ..\..\LICENSE
		..\..\README.md = ..\..\README.md
	EndProjectSection
EndProject
Global
	GlobalSection(SolutionConfigurationPlatforms) = preSolution
		Debug|Any CPU = Debug|Any CPU
		Release|Any CPU = Release|Any CPU
	EndGlobalSection
	GlobalSection(ProjectConfigurationPlatforms) = postSolution
		{9812A7FB-2690-47C9-A556-70180400A5D4}.Debug|Any CPU.ActiveCfg = Debug|Any CPU
		{9812A7FB-2690-47C9-A556-70180400A5D4}.Debug|Any CPU.Build.0 = Debug|Any CPU
		{9812A7FB-2690-47C9-A556-70180400A5D4}.Release|Any CPU.ActiveCfg = Release|Any CPU
		{9812A7FB-2690-47C9-A556-70180400A5D4}.Release|Any CPU.Build.0 = Release|Any CPU
		{D8937B77-AC18-4EDD-A8FA-13D923CC4D87}.Debug|Any CPU.ActiveCfg = Debug|Any CPU
		{D8937B77-AC18-4EDD-A8FA-13D923CC4D87}.Debug|Any CPU.Build.0 = Debug|Any CPU
		{D8937B77-AC18-4EDD-A8FA-13D923CC4D87}.Release|Any CPU.ActiveCfg = Release|Any CPU
		{D8937B77-AC18-4EDD-A8FA-13D923CC4D87}.Release|Any CPU.Build.0 = Release|Any CPU
		{2ED703D5-F088-4133-A309-BDD2D01A3DF3}.Debug|Any CPU.ActiveCfg = Debug|Any CPU
		{2ED703D5-F088-4133-A309-BDD2D01A3DF3}.Debug|Any CPU.Build.0 = Debug|Any CPU
		{2ED703D5-F088-4133-A309-BDD2D01A3DF3}.Release|Any CPU.ActiveCfg = Release|Any CPU
		{2ED703D5-F088-4133-A309-BDD2D01A3DF3}.Release|Any CPU.Build.0 = Release|Any CPU
		{4F71F76D-B052-49AB-9D22-D545B541FAD8}.Debug|Any CPU.ActiveCfg = Debug|Any CPU
		{4F71F76D-B052-49AB-9D22-D545B541FAD8}.Debug|Any CPU.Build.0 = Debug|Any CPU
		{4F71F76D-B052-49AB-9D22-D545B541FAD8}.Release|Any CPU.ActiveCfg = Release|Any CPU
		{4F71F76D-B052-49AB-9D22-D545B541FAD8}.Release|Any CPU.Build.0 = Release|Any CPU
		{C1716AB4-73C5-468F-8D51-894430B0D2C9}.Debug|Any CPU.ActiveCfg = Debug|Any CPU
		{C1716AB4-73C5-468F-8D51-894430B0D2C9}.Debug|Any CPU.Build.0 = Debug|Any CPU
		{C1716AB4-73C5-468F-8D51-894430B0D2C9}.Release|Any CPU.ActiveCfg = Release|Any CPU
		{C1716AB4-73C5-468F-8D51-894430B0D2C9}.Release|Any CPU.Build.0 = Release|Any CPU
	EndGlobalSection
	GlobalSection(SolutionProperties) = preSolution
		HideSolutionNode = FALSE
	EndGlobalSection
	GlobalSection(NestedProjects) = preSolution
		{D8937B77-AC18-4EDD-A8FA-13D923CC4D87} = {C48B1EF6-FAEA-4111-88F3-4E05417F9367}
		{2ED703D5-F088-4133-A309-BDD2D01A3DF3} = {C48B1EF6-FAEA-4111-88F3-4E05417F9367}
		{4F71F76D-B052-49AB-9D22-D545B541FAD8} = {C48B1EF6-FAEA-4111-88F3-4E05417F9367}
		{C1716AB4-73C5-468F-8D51-894430B0D2C9} = {C48B1EF6-FAEA-4111-88F3-4E05417F9367}
	EndGlobalSection
	GlobalSection(ExtensibilityGlobals) = postSolution
		SolutionGuid = {A9E697AD-C4F8-476A-B7D3-357FC0DB1876}
	EndGlobalSection
EndGlobal
