
Microsoft Visual Studio Solution File, Format Version 12.00
# Visual Studio 15
VisualStudioVersion = 15.0.28010.2036
MinimumVisualStudioVersion = 10.0.40219.1
Project("{9A19103F-16F7-4668-BE54-9A1E7A4F7556}") = "urlql", "urlql\urlql.csproj", "{3C58EE94-257F-4BC6-9FA4-B09881AB0EB6}"
EndProject
Project("{9A19103F-16F7-4668-BE54-9A1E7A4F7556}") = "urlql.asp.core", "urlql.asp.core\urlql.asp.core.csproj", "{FA93D344-8638-4960-8424-D49DD79F6C45}"
EndProject
Project("{2150E333-8FDC-42A3-9474-1A3956D46DE8}") = "Tests", "Tests", "{3CE1C39B-765C-4646-AD9C-92A7BA7A6F3A}"
EndProject
Project("{FAE04EC0-301F-11D3-BF4B-00C04F79EFBC}") = "urlql.test", "Tests\urlql.test\urlql.test.csproj", "{1647C987-CEB9-4F0E-B12A-E574541AB692}"
EndProject
Global
	GlobalSection(SolutionConfigurationPlatforms) = preSolution
		Debug|Any CPU = Debug|Any CPU
		Release|Any CPU = Release|Any CPU
	EndGlobalSection
	GlobalSection(ProjectConfigurationPlatforms) = postSolution
		{3C58EE94-257F-4BC6-9FA4-B09881AB0EB6}.Debug|Any CPU.ActiveCfg = Debug|Any CPU
		{3C58EE94-257F-4BC6-9FA4-B09881AB0EB6}.Debug|Any CPU.Build.0 = Debug|Any CPU
		{3C58EE94-257F-4BC6-9FA4-B09881AB0EB6}.Release|Any CPU.ActiveCfg = Release|Any CPU
		{3C58EE94-257F-4BC6-9FA4-B09881AB0EB6}.Release|Any CPU.Build.0 = Release|Any CPU
		{FA93D344-8638-4960-8424-D49DD79F6C45}.Debug|Any CPU.ActiveCfg = Debug|Any CPU
		{FA93D344-8638-4960-8424-D49DD79F6C45}.Debug|Any CPU.Build.0 = Debug|Any CPU
		{FA93D344-8638-4960-8424-D49DD79F6C45}.Release|Any CPU.ActiveCfg = Release|Any CPU
		{FA93D344-8638-4960-8424-D49DD79F6C45}.Release|Any CPU.Build.0 = Release|Any CPU
		{1647C987-CEB9-4F0E-B12A-E574541AB692}.Debug|Any CPU.ActiveCfg = Debug|Any CPU
		{1647C987-CEB9-4F0E-B12A-E574541AB692}.Debug|Any CPU.Build.0 = Debug|Any CPU
		{1647C987-CEB9-4F0E-B12A-E574541AB692}.Release|Any CPU.ActiveCfg = Release|Any CPU
		{1647C987-CEB9-4F0E-B12A-E574541AB692}.Release|Any CPU.Build.0 = Release|Any CPU
	EndGlobalSection
	GlobalSection(SolutionProperties) = preSolution
		HideSolutionNode = FALSE
	EndGlobalSection
	GlobalSection(NestedProjects) = preSolution
		{1647C987-CEB9-4F0E-B12A-E574541AB692} = {3CE1C39B-765C-4646-AD9C-92A7BA7A6F3A}
	EndGlobalSection
	GlobalSection(ExtensibilityGlobals) = postSolution
		SolutionGuid = {E6F3A749-9EA5-4EA7-A70F-D15C266B2736}
	EndGlobalSection
EndGlobal
